
Microsoft Visual Studio Solution File, Format Version 12.00
# Visual Studio Version 17
VisualStudioVersion = 17.2.32516.85
MinimumVisualStudioVersion = 10.0.40219.1
Project("{FAE04EC0-301F-11D3-BF4B-00C04F79EFBC}") = "kommunerochskolverksamhet", "kommunerochskolverksamhet\kommunerochskolverksamhet.csproj", "{009EFC5D-4CA6-42CE-9E96-8C10F8A27C29}"
EndProject
Global
	GlobalSection(SolutionConfigurationPlatforms) = preSolution
		Debug|Any CPU = Debug|Any CPU
		Release|Any CPU = Release|Any CPU
	EndGlobalSection
	GlobalSection(ProjectConfigurationPlatforms) = postSolution
		{009EFC5D-4CA6-42CE-9E96-8C10F8A27C29}.Debug|Any CPU.ActiveCfg = Debug|Any CPU
		{009EFC5D-4CA6-42CE-9E96-8C10F8A27C29}.Debug|Any CPU.Build.0 = Debug|Any CPU
		{009EFC5D-4CA6-42CE-9E96-8C10F8A27C29}.Release|Any CPU.ActiveCfg = Release|Any CPU
		{009EFC5D-4CA6-42CE-9E96-8C10F8A27C29}.Release|Any CPU.Build.0 = Release|Any CPU
	EndGlobalSection
	GlobalSection(SolutionProperties) = preSolution
		HideSolutionNode = FALSE
	EndGlobalSection
	GlobalSection(ExtensibilityGlobals) = postSolution
		SolutionGuid = {BD1CD8BA-0882-47C0-9DF3-9F5D73D9B4BE}
	EndGlobalSection
EndGlobal
